<?xml version="1.0" encoding="utf-8"?>
<Project ToolsVersion="4.0" xmlns="http://schemas.microsoft.com/developer/msbuild/2003">
  <ItemGroup>
    <Filter Include="Source Files">
      <UniqueIdentifier>{4FC737F1-C7A5-4376-A066-2A32D752A2FF}</UniqueIdentifier>
      <Extensions>cpp;c;cc;cxx;c++;cppm;ixx;def;odl;idl;hpj;bat;asm;asmx</Extensions>
    </Filter>
    <Filter Include="Source Files\Core">
      <UniqueIdentifier>{204f89c9-aadc-4f19-9509-957e70dbb57d}</UniqueIdentifier>
    </Filter>
    <Filter Include="Source Files\Components">
      <UniqueIdentifier>{31d257e2-654a-4bbb-8bbc-4b6839b66627}</UniqueIdentifier>
    </Filter>
    <Filter Include="Source Files\AI">
      <UniqueIdentifier>{bb4c7f18-4a6e-45bb-a3ff-33efd60a6da0}</UniqueIdentifier>
    </Filter>
  </ItemGroup>
  <ItemGroup>
    <ClCompile Include="ServerPCH.cpp">
      <Filter>Source Files</Filter>
    </ClCompile>
    <ClCompile Include="ServerMain.cpp">
      <Filter>Source Files</Filter>
    </ClCompile>
    <ClCompile Include="Server.cpp">
      <Filter>Source Files\Core</Filter>
    </ClCompile>
    <ClCompile Include="ServerComponents.cpp">
      <Filter>Source Files\Components</Filter>
    </ClCompile>
    <ClCompile Include="ServerSystems.cpp">
      <Filter>Source Files\Components</Filter>
    </ClCompile>
    <ClCompile Include="EnemyGenerator.cpp">
      <Filter>Source Files\Core</Filter>
    </ClCompile>
    <ClCompile Include="CollisionChecker.cpp">
      <Filter>Source Files\Core</Filter>
    </ClCompile>
    <ClCompile Include="AIController.cpp">
      <Filter>Source Files\AI</Filter>
    </ClCompile>
  </ItemGroup>
  <ItemGroup>
    <ClInclude Include="ServerPCH.h">
      <Filter>Source Files</Filter>
    </ClInclude>
    <ClInclude Include="Server.h">
      <Filter>Source Files\Core</Filter>
    </ClInclude>
    <ClInclude Include="ServerComponents.h">
      <Filter>Source Files\Components</Filter>
    </ClInclude>
    <ClInclude Include="ServerSystems.h">
      <Filter>Source Files\Components</Filter>
    </ClInclude>
    <ClInclude Include="EnemyGenerator.h">
      <Filter>Source Files\Core</Filter>
    </ClInclude>
    <ClInclude Include="CollisionChecker.h">
      <Filter>Source Files\Core</Filter>
    </ClInclude>
    <ClInclude Include="AIController.h">
      <Filter>Source Files\AI</Filter>
    </ClInclude>
    <ClInclude Include="Tank.h">
      <Filter>Source Files\AI</Filter>
    </ClInclude>
  </ItemGroup>
</Project>