<?xml version="1.0" encoding="utf-8"?>
<Project ToolsVersion="4.0" xmlns="http://schemas.microsoft.com/developer/msbuild/2003">
  <ItemGroup>
    <Filter Include="Source Files">
      <UniqueIdentifier>{4FC737F1-C7A5-4376-A066-2A32D752A2FF}</UniqueIdentifier>
      <Extensions>cpp;c;cc;cxx;c++;cppm;ixx;def;odl;idl;hpj;bat;asm;asmx</Extensions>
    </Filter>
    <Filter Include="Source Files\Core">
      <UniqueIdentifier>{ab4dcee4-fb18-44e1-8715-a185b444a209}</UniqueIdentifier>
    </Filter>
  </ItemGroup>
  <ItemGroup>
    <ClCompile Include="PCH.cpp">
      <Filter>Source Files</Filter>
    </ClCompile>
    <ClCompile Include="Game.cpp">
      <Filter>Source Files\Core</Filter>
    </ClCompile>
  </ItemGroup>
  <ItemGroup>
    <ClInclude Include="PCH.h">
      <Filter>Source Files</Filter>
    </ClInclude>
    <ClInclude Include="HeartBeat.h">
      <Filter>Source Files</Filter>
    </ClInclude>
    <ClInclude Include="Game.h">
      <Filter>Source Files\Core</Filter>
    </ClInclude>
    <ClInclude Include="Log.h">
      <Filter>Source Files\Core</Filter>
    </ClInclude>
    <ClInclude Include="KeyCode.h">
      <Filter>Source Files\Core</Filter>
    </ClInclude>
    <ClInclude Include="Entity.h">
      <Filter>Source Files\Core</Filter>
    </ClInclude>
    <ClInclude Include="Tags.h">
      <Filter>Source Files\Core</Filter>
    </ClInclude>
    <ClInclude Include="Components.h">
      <Filter>Source Files\Core</Filter>
    </ClInclude>
    <ClInclude Include="StringUtils.h">
      <Filter>Source Files\Core</Filter>
    </ClInclude>
  </ItemGroup>
</Project>